
Microsoft Visual Studio Solution File, Format Version 12.00
# Visual Studio Version 17
VisualStudioVersion = 17.11.35431.28
MinimumVisualStudioVersion = 10.0.40219.1
Project("{FAE04EC0-301F-11D3-BF4B-00C04F79EFBC}") = "MQTTunnelNet", "MQTTunnelNet\MQTTunnelNet.csproj", "{17949353-3106-4145-99B3-43FA5B3DA781}"
EndProject
Project("{FAE04EC0-301F-11D3-BF4B-00C04F79EFBC}") = "MQTTunnelNet.Tests", "MQTTunnelNet.Tests\MQTTunnelNet.Tests.csproj", "{7C483550-1B6A-447F-B217-8841B2D31C22}"
EndProject
Global
	GlobalSection(SolutionConfigurationPlatforms) = preSolution
		Debug|Any CPU = Debug|Any CPU
		Release|Any CPU = Release|Any CPU
	EndGlobalSection
	GlobalSection(ProjectConfigurationPlatforms) = postSolution
		{17949353-3106-4145-99B3-43FA5B3DA781}.Debug|Any CPU.ActiveCfg = Debug|Any CPU
		{17949353-3106-4145-99B3-43FA5B3DA781}.Debug|Any CPU.Build.0 = Debug|Any CPU
		{17949353-3106-4145-99B3-43FA5B3DA781}.Release|Any CPU.ActiveCfg = Release|Any CPU
		{17949353-3106-4145-99B3-43FA5B3DA781}.Release|Any CPU.Build.0 = Release|Any CPU
		{7C483550-1B6A-447F-B217-8841B2D31C22}.Debug|Any CPU.ActiveCfg = Debug|Any CPU
		{7C483550-1B6A-447F-B217-8841B2D31C22}.Debug|Any CPU.Build.0 = Debug|Any CPU
		{7C483550-1B6A-447F-B217-8841B2D31C22}.Release|Any CPU.ActiveCfg = Release|Any CPU
		{7C483550-1B6A-447F-B217-8841B2D31C22}.Release|Any CPU.Build.0 = Release|Any CPU
	EndGlobalSection
	GlobalSection(SolutionProperties) = preSolution
		HideSolutionNode = FALSE
	EndGlobalSection
	GlobalSection(ExtensibilityGlobals) = postSolution
		SolutionGuid = {D4AF74DE-9465-46BD-A884-1AF0AE1CFED5}
	EndGlobalSection
EndGlobal
